
Microsoft Visual Studio Solution File, Format Version 12.00
# Visual Studio Version 16
VisualStudioVersion = 16.0.29609.76
MinimumVisualStudioVersion = 10.0.40219.1
Project("{8BC9CEB8-8B4A-11D0-8D11-00A0C91BC942}") = "Search", "Search\Search.vcxproj", "{81F00B0A-FE12-43F5-B6B0-6A6E3B920C50}"
EndProject
Project("{8BC9CEB8-8B4A-11D0-8D11-00A0C91BC942}") = "Tests", "Tests\Tests.vcxproj", "{EC9EBA69-1567-4FAB-BD55-6688D60218B6}"
EndProject
Global
	GlobalSection(SolutionConfigurationPlatforms) = preSolution
		Debug|x64 = Debug|x64
		Debug|x86 = Debug|x86
		Release|x64 = Release|x64
		Release|x86 = Release|x86
	EndGlobalSection
	GlobalSection(ProjectConfigurationPlatforms) = postSolution
		{81F00B0A-FE12-43F5-B6B0-6A6E3B920C50}.Debug|x64.ActiveCfg = Debug|x64
		{81F00B0A-FE12-43F5-B6B0-6A6E3B920C50}.Debug|x64.Build.0 = Debug|x64
		{81F00B0A-FE12-43F5-B6B0-6A6E3B920C50}.Debug|x86.ActiveCfg = Debug|Win32
		{81F00B0A-FE12-43F5-B6B0-6A6E3B920C50}.Debug|x86.Build.0 = Debug|Win32
		{81F00B0A-FE12-43F5-B6B0-6A6E3B920C50}.Release|x64.ActiveCfg = Release|x64
		{81F00B0A-FE12-43F5-B6B0-6A6E3B920C50}.Release|x64.Build.0 = Release|x64
		{81F00B0A-FE12-43F5-B6B0-6A6E3B920C50}.Release|x86.ActiveCfg = Release|Win32
		{81F00B0A-FE12-43F5-B6B0-6A6E3B920C50}.Release|x86.Build.0 = Release|Win32
		{EC9EBA69-1567-4FAB-BD55-6688D60218B6}.Debug|x64.ActiveCfg = Debug|x64
		{EC9EBA69-1567-4FAB-BD55-6688D60218B6}.Debug|x64.Build.0 = Debug|x64
		{EC9EBA69-1567-4FAB-BD55-6688D60218B6}.Debug|x86.ActiveCfg = Debug|Win32
		{EC9EBA69-1567-4FAB-BD55-6688D60218B6}.Debug|x86.Build.0 = Debug|Win32
		{EC9EBA69-1567-4FAB-BD55-6688D60218B6}.Release|x64.ActiveCfg = Release|x64
		{EC9EBA69-1567-4FAB-BD55-6688D60218B6}.Release|x64.Build.0 = Release|x64
		{EC9EBA69-1567-4FAB-BD55-6688D60218B6}.Release|x86.ActiveCfg = Release|Win32
		{EC9EBA69-1567-4FAB-BD55-6688D60218B6}.Release|x86.Build.0 = Release|Win32
	EndGlobalSection
	GlobalSection(SolutionProperties) = preSolution
		HideSolutionNode = FALSE
	EndGlobalSection
	GlobalSection(ExtensibilityGlobals) = postSolution
		SolutionGuid = {C6C4C46D-E467-4522-8D10-1458C11F72EC}
	EndGlobalSection
EndGlobal
